
Microsoft Visual Studio Solution File, Format Version 12.00
# Visual Studio Version 17
VisualStudioVersion = 17.7.34003.232
MinimumVisualStudioVersion = 10.0.40219.1
Project("{FAE04EC0-301F-11D3-BF4B-00C04F79EFBC}") = "PiCalculation", "PiCalculation\PiCalculation.csproj", "{33798D13-AF0F-4F46-9EBA-DD5C85DA9C8B}"
EndProject
Global
	GlobalSection(SolutionConfigurationPlatforms) = preSolution
		Debug|Any CPU = Debug|Any CPU
		Release|Any CPU = Release|Any CPU
	EndGlobalSection
	GlobalSection(ProjectConfigurationPlatforms) = postSolution
		{33798D13-AF0F-4F46-9EBA-DD5C85DA9C8B}.Debug|Any CPU.ActiveCfg = Debug|Any CPU
		{33798D13-AF0F-4F46-9EBA-DD5C85DA9C8B}.Debug|Any CPU.Build.0 = Debug|Any CPU
		{33798D13-AF0F-4F46-9EBA-DD5C85DA9C8B}.Release|Any CPU.ActiveCfg = Release|Any CPU
		{33798D13-AF0F-4F46-9EBA-DD5C85DA9C8B}.Release|Any CPU.Build.0 = Release|Any CPU
	EndGlobalSection
	GlobalSection(SolutionProperties) = preSolution
		HideSolutionNode = FALSE
	EndGlobalSection
	GlobalSection(ExtensibilityGlobals) = postSolution
		SolutionGuid = {577FA26E-5551-4A22-97BF-26152ACCFB58}
	EndGlobalSection
EndGlobal
